// !$*UTF8*$!
{
	archiveVersion = 1;
	classes = {
	};
	objectVersion = 50;
	objects = {

/* Begin PBXBuildFile section */
		706D0BEF24C15FDE002DA88E /* AppDelegate.swift in Sources */ = {isa = PBXBuildFile; fileRef = 706D0BEE24C15FDE002DA88E /* AppDelegate.swift */; };
		706D0BF124C15FDE002DA88E /* SceneDelegate.swift in Sources */ = {isa = PBXBuildFile; fileRef = 706D0BF024C15FDE002DA88E /* SceneDelegate.swift */; };
		706D0BF324C15FDE002DA88E /* ViewController.swift in Sources */ = {isa = PBXBuildFile; fileRef = 706D0BF224C15FDE002DA88E /* ViewController.swift */; };
		706D0BF624C15FDE002DA88E /* Main.storyboard in Resources */ = {isa = PBXBuildFile; fileRef = 706D0BF424C15FDE002DA88E /* Main.storyboard */; };
		706D0BF824C15FDF002DA88E /* Assets.xcassets in Resources */ = {isa = PBXBuildFile; fileRef = 706D0BF724C15FDF002DA88E /* Assets.xcassets */; };
		706D0BFB24C15FDF002DA88E /* LaunchScreen.storyboard in Resources */ = {isa = PBXBuildFile; fileRef = 706D0BF924C15FDF002DA88E /* LaunchScreen.storyboard */; };
		706D0C0624C15FDF002DA88E /* TestTests.swift in Sources */ = {isa = PBXBuildFile; fileRef = 706D0C0524C15FDF002DA88E /* TestTests.swift */; };
		706D0C1124C15FDF002DA88E /* TestUITests.swift in Sources */ = {isa = PBXBuildFile; fileRef = 706D0C1024C15FDF002DA88E /* TestUITests.swift */; };
		70EEAB9C24C2D9C900704BE3 /* SettingsViewController.swift in Sources */ = {isa = PBXBuildFile; fileRef = 70EEAB9B24C2D9C900704BE3 /* SettingsViewController.swift */; };
/* End PBXBuildFile section */

/* Begin PBXContainerItemProxy section */
		706D0C0224C15FDF002DA88E /* PBXContainerItemProxy */ = {
			isa = PBXContainerItemProxy;
			containerPortal = 706D0BE324C15FDE002DA88E /* Project object */;
			proxyType = 1;
			remoteGlobalIDString = 706D0BEA24C15FDE002DA88E;
			remoteInfo = Test;
		};
		706D0C0D24C15FDF002DA88E /* PBXContainerItemProxy */ = {
			isa = PBXContainerItemProxy;
			containerPortal = 706D0BE324C15FDE002DA88E /* Project object */;
			proxyType = 1;
			remoteGlobalIDString = 706D0BEA24C15FDE002DA88E;
			remoteInfo = Test;
		};
/* End PBXContainerItemProxy section */

/* Begin PBXFileReference section */
		706D0BEB24C15FDE002DA88E /* Tippy.app */ = {isa = PBXFileReference; explicitFileType = wrapper.application; includeInIndex = 0; path = Tippy.app; sourceTree = BUILT_PRODUCTS_DIR; };
		706D0BEE24C15FDE002DA88E /* AppDelegate.swift */ = {isa = PBXFileReference; lastKnownFileType = sourcecode.swift; path = AppDelegate.swift; sourceTree = "<group>"; };
		706D0BF024C15FDE002DA88E /* SceneDelegate.swift */ = {isa = PBXFileReference; lastKnownFileType = sourcecode.swift; path = SceneDelegate.swift; sourceTree = "<group>"; };
		706D0BF224C15FDE002DA88E /* ViewController.swift */ = {isa = PBXFileReference; lastKnownFileType = sourcecode.swift; path = ViewController.swift; sourceTree = "<group>"; };
		706D0BF524C15FDE002DA88E /* Base */ = {isa = PBXFileReference; lastKnownFileType = file.storyboard; name = Base; path = Base.lproj/Main.storyboard; sourceTree = "<group>"; };
		706D0BF724C15FDF002DA88E /* Assets.xcassets */ = {isa = PBXFileReference; lastKnownFileType = folder.assetcatalog; path = Assets.xcassets; sourceTree = "<group>"; };
		706D0BFA24C15FDF002DA88E /* Base */ = {isa = PBXFileReference; lastKnownFileType = file.storyboard; name = Base; path = Base.lproj/LaunchScreen.storyboard; sourceTree = "<group>"; };
		706D0BFC24C15FDF002DA88E /* Info.plist */ = {isa = PBXFileReference; lastKnownFileType = text.plist.xml; name = Info.plist; path = Tippy/Info.plist; sourceTree = SOURCE_ROOT; };
		706D0C0124C15FDF002DA88E /* TippyTippys.xctest */ = {isa = PBXFileReference; explicitFileType = wrapper.cfbundle; includeInIndex = 0; path = TippyTippys.xctest; sourceTree = BUILT_PRODUCTS_DIR; };
		706D0C0524C15FDF002DA88E /* TestTests.swift */ = {isa = PBXFileReference; lastKnownFileType = sourcecode.swift; path = TestTests.swift; sourceTree = "<group>"; };
		706D0C0724C15FDF002DA88E /* Info.plist */ = {isa = PBXFileReference; lastKnownFileType = text.plist.xml; path = Info.plist; sourceTree = "<group>"; };
		706D0C0C24C15FDF002DA88E /* TippyUITippys.xctest */ = {isa = PBXFileReference; explicitFileType = wrapper.cfbundle; includeInIndex = 0; path = TippyUITippys.xctest; sourceTree = BUILT_PRODUCTS_DIR; };
		706D0C1024C15FDF002DA88E /* TestUITests.swift */ = {isa = PBXFileReference; lastKnownFileType = sourcecode.swift; path = TestUITests.swift; sourceTree = "<group>"; };
		706D0C1224C15FDF002DA88E /* Info.plist */ = {isa = PBXFileReference; lastKnownFileType = text.plist.xml; path = Info.plist; sourceTree = "<group>"; };
		70EEAB9B24C2D9C900704BE3 /* SettingsViewController.swift */ = {isa = PBXFileReference; lastKnownFileType = sourcecode.swift; path = SettingsViewController.swift; sourceTree = "<group>"; };
/* End PBXFileReference section */

/* Begin PBXFrameworksBuildPhase section */
		706D0BE824C15FDE002DA88E /* Frameworks */ = {
			isa = PBXFrameworksBuildPhase;
			buildActionMask = 2147483647;
			files = (
			);
			runOnlyForDeploymentPostprocessing = 0;
		};
		706D0BFE24C15FDF002DA88E /* Frameworks */ = {
			isa = PBXFrameworksBuildPhase;
			buildActionMask = 2147483647;
			files = (
			);
			runOnlyForDeploymentPostprocessing = 0;
		};
		706D0C0924C15FDF002DA88E /* Frameworks */ = {
			isa = PBXFrameworksBuildPhase;
			buildActionMask = 2147483647;
			files = (
			);
			runOnlyForDeploymentPostprocessing = 0;
		};
/* End PBXFrameworksBuildPhase section */

/* Begin PBXGroup section */
		706D0BE224C15FDE002DA88E = {
			isa = PBXGroup;
			children = (
				706D0BED24C15FDE002DA88E /* Tippy */,
				706D0C0424C15FDF002DA88E /* TippyTests */,
				706D0C0F24C15FDF002DA88E /* TippyUITests */,
				706D0BEC24C15FDE002DA88E /* Products */,
			);
			sourceTree = "<group>";
		};
		706D0BEC24C15FDE002DA88E /* Products */ = {
			isa = PBXGroup;
			children = (
				706D0BEB24C15FDE002DA88E /* Tippy.app */,
				706D0C0124C15FDF002DA88E /* TippyTippys.xctest */,
				706D0C0C24C15FDF002DA88E /* TippyUITippys.xctest */,
			);
			name = Products;
			sourceTree = "<group>";
		};
		706D0BED24C15FDE002DA88E /* Tippy */ = {
			isa = PBXGroup;
			children = (
				706D0BEE24C15FDE002DA88E /* AppDelegate.swift */,
				706D0BF024C15FDE002DA88E /* SceneDelegate.swift */,
				706D0BF224C15FDE002DA88E /* ViewController.swift */,
				706D0BF424C15FDE002DA88E /* Main.storyboard */,
				706D0BF724C15FDF002DA88E /* Assets.xcassets */,
				706D0BF924C15FDF002DA88E /* LaunchScreen.storyboard */,
				706D0BFC24C15FDF002DA88E /* Info.plist */,
				70EEAB9B24C2D9C900704BE3 /* SettingsViewController.swift */,
			);
			path = Tippy;
			sourceTree = "<group>";
		};
		706D0C0424C15FDF002DA88E /* TippyTests */ = {
			isa = PBXGroup;
			children = (
				706D0C0524C15FDF002DA88E /* TestTests.swift */,
				706D0C0724C15FDF002DA88E /* Info.plist */,
			);
			path = TippyTests;
			sourceTree = "<group>";
		};
		706D0C0F24C15FDF002DA88E /* TippyUITests */ = {
			isa = PBXGroup;
			children = (
				706D0C1024C15FDF002DA88E /* TestUITests.swift */,
				706D0C1224C15FDF002DA88E /* Info.plist */,
			);
			path = TippyUITests;
			sourceTree = "<group>";
		};
/* End PBXGroup section */

/* Begin PBXNativeTarget section */
		706D0BEA24C15FDE002DA88E /* Tippy */ = {
			isa = PBXNativeTarget;
			buildConfigurationList = 706D0C1524C15FDF002DA88E /* Build configuration list for PBXNativeTarget "Tippy" */;
			buildPhases = (
				706D0BE724C15FDE002DA88E /* Sources */,
				706D0BE824C15FDE002DA88E /* Frameworks */,
				706D0BE924C15FDE002DA88E /* Resources */,
			);
			buildRules = (
			);
			dependencies = (
			);
			name = Tippy;
			productName = Test;
			productReference = 706D0BEB24C15FDE002DA88E /* Tippy.app */;
			productType = "com.apple.product-type.application";
		};
		706D0C0024C15FDF002DA88E /* TippyTippys */ = {
			isa = PBXNativeTarget;
			buildConfigurationList = 706D0C1824C15FDF002DA88E /* Build configuration list for PBXNativeTarget "TippyTippys" */;
			buildPhases = (
				706D0BFD24C15FDF002DA88E /* Sources */,
				706D0BFE24C15FDF002DA88E /* Frameworks */,
				706D0BFF24C15FDF002DA88E /* Resources */,
			);
			buildRules = (
			);
			dependencies = (
				706D0C0324C15FDF002DA88E /* PBXTargetDependency */,
			);
			name = TippyTippys;
			productName = TestTests;
			productReference = 706D0C0124C15FDF002DA88E /* TippyTippys.xctest */;
			productType = "com.apple.product-type.bundle.unit-test";
		};
		706D0C0B24C15FDF002DA88E /* TippyUITippys */ = {
			isa = PBXNativeTarget;
			buildConfigurationList = 706D0C1B24C15FDF002DA88E /* Build configuration list for PBXNativeTarget "TippyUITippys" */;
			buildPhases = (
				706D0C0824C15FDF002DA88E /* Sources */,
				706D0C0924C15FDF002DA88E /* Frameworks */,
				706D0C0A24C15FDF002DA88E /* Resources */,
			);
			buildRules = (
			);
			dependencies = (
				706D0C0E24C15FDF002DA88E /* PBXTargetDependency */,
			);
			name = TippyUITippys;
			productName = TestUITests;
			productReference = 706D0C0C24C15FDF002DA88E /* TippyUITippys.xctest */;
			productType = "com.apple.product-type.bundle.ui-testing";
		};
/* End PBXNativeTarget section */

/* Begin PBXProject section */
		706D0BE324C15FDE002DA88E /* Project object */ = {
			isa = PBXProject;
			attributes = {
				LastSwiftUpdateCheck = 1110;
				LastUpgradeCheck = 1110;
				ORGANIZATIONNAME = "Yufei Gao";
				TargetAttributes = {
					706D0BEA24C15FDE002DA88E = {
						CreatedOnToolsVersion = 11.1;
					};
					706D0C0024C15FDF002DA88E = {
						CreatedOnToolsVersion = 11.1;
						TestTargetID = 706D0BEA24C15FDE002DA88E;
					};
					706D0C0B24C15FDF002DA88E = {
						CreatedOnToolsVersion = 11.1;
						TestTargetID = 706D0BEA24C15FDE002DA88E;
					};
				};
			};
			buildConfigurationList = 706D0BE624C15FDE002DA88E /* Build configuration list for PBXProject "Tippy" */;
			compatibilityVersion = "Xcode 9.3";
			developmentRegion = en;
			hasScannedForEncodings = 0;
			knownRegions = (
				en,
				Base,
			);
			mainGroup = 706D0BE224C15FDE002DA88E;
			productRefGroup = 706D0BEC24C15FDE002DA88E /* Products */;
			projectDirPath = "";
			projectRoot = "";
			targets = (
				706D0BEA24C15FDE002DA88E /* Tippy */,
				706D0C0024C15FDF002DA88E /* TippyTippys */,
				706D0C0B24C15FDF002DA88E /* TippyUITippys */,
			);
		};
/* End PBXProject section */

/* Begin PBXResourcesBuildPhase section */
		706D0BE924C15FDE002DA88E /* Resources */ = {
			isa = PBXResourcesBuildPhase;
			buildActionMask = 2147483647;
			files = (
				706D0BFB24C15FDF002DA88E /* LaunchScreen.storyboard in Resources */,
				706D0BF824C15FDF002DA88E /* Assets.xcassets in Resources */,
				706D0BF624C15FDE002DA88E /* Main.storyboard in Resources */,
			);
			runOnlyForDeploymentPostprocessing = 0;
		};
		706D0BFF24C15FDF002DA88E /* Resources */ = {
			isa = PBXResourcesBuildPhase;
			buildActionMask = 2147483647;
			files = (
			);
			runOnlyForDeploymentPostprocessing = 0;
		};
		706D0C0A24C15FDF002DA88E /* Resources */ = {
			isa = PBXResourcesBuildPhase;
			buildActionMask = 2147483647;
			files = (
			);
			runOnlyForDeploymentPostprocessing = 0;
		};
/* End PBXResourcesBuildPhase section */

/* Begin PBXSourcesBuildPhase section */
		706D0BE724C15FDE002DA88E /* Sources */ = {
			isa = PBXSourcesBuildPhase;
			buildActionMask = 2147483647;
			files = (
				706D0BF324C15FDE002DA88E /* ViewController.swift in Sources */,
				706D0BEF24C15FDE002DA88E /* AppDelegate.swift in Sources */,
				706D0BF124C15FDE002DA88E /* SceneDelegate.swift in Sources */,
				70EEAB9C24C2D9C900704BE3 /* SettingsViewController.swift in Sources */,
			);
			runOnlyForDeploymentPostprocessing = 0;
		};
		706D0BFD24C15FDF002DA88E /* Sources */ = {
			isa = PBXSourcesBuildPhase;
			buildActionMask = 2147483647;
			files = (
				706D0C0624C15FDF002DA88E /* TestTests.swift in Sources */,
			);
			runOnlyForDeploymentPostprocessing = 0;
		};
		706D0C0824C15FDF002DA88E /* Sources */ = {
			isa = PBXSourcesBuildPhase;
			buildActionMask = 2147483647;
			files = (
				706D0C1124C15FDF002DA88E /* TestUITests.swift in Sources */,
			);
			runOnlyForDeploymentPostprocessing = 0;
		};
/* End PBXSourcesBuildPhase section */

/* Begin PBXTargetDependency section */
		706D0C0324C15FDF002DA88E /* PBXTargetDependency */ = {
			isa = PBXTargetDependency;
			target = 706D0BEA24C15FDE002DA88E /* Tippy */;
			targetProxy = 706D0C0224C15FDF002DA88E /* PBXContainerItemProxy */;
		};
		706D0C0E24C15FDF002DA88E /* PBXTargetDependency */ = {
			isa = PBXTargetDependency;
			target = 706D0BEA24C15FDE002DA88E /* Tippy */;
			targetProxy = 706D0C0D24C15FDF002DA88E /* PBXContainerItemProxy */;
		};
/* End PBXTargetDependency section */

/* Begin PBXVariantGroup section */
		706D0BF424C15FDE002DA88E /* Main.storyboard */ = {
			isa = PBXVariantGroup;
			children = (
				706D0BF524C15FDE002DA88E /* Base */,
			);
			name = Main.storyboard;
			sourceTree = "<group>";
		};
		706D0BF924C15FDF002DA88E /* LaunchScreen.storyboard */ = {
			isa = PBXVariantGroup;
			children = (
				706D0BFA24C15FDF002DA88E /* Base */,
			);
			name = LaunchScreen.storyboard;
			sourceTree = "<group>";
		};
/* End PBXVariantGroup section */

/* Begin XCBuildConfiguration section */
		706D0C1324C15FDF002DA88E /* Debug */ = {
			isa = XCBuildConfiguration;
			buildSettings = {
				ALWAYS_SEARCH_USER_PATHS = NO;
				CLANG_ANALYZER_NONNULL = YES;
				CLANG_ANALYZER_NUMBER_OBJECT_CONVERSION = YES_AGGRESSIVE;
				CLANG_CXX_LANGUAGE_STANDARD = "gnu++14";
				CLANG_CXX_LIBRARY = "libc++";
				CLANG_ENABLE_MODULES = YES;
				CLANG_ENABLE_OBJC_ARC = YES;
				CLANG_ENABLE_OBJC_WEAK = YES;
				CLANG_WARN_BLOCK_CAPTURE_AUTORELEASING = YES;
				CLANG_WARN_BOOL_CONVERSION = YES;
				CLANG_WARN_COMMA = YES;
				CLANG_WARN_CONSTANT_CONVERSION = YES;
				CLANG_WARN_DEPRECATED_OBJC_IMPLEMENTATIONS = YES;
				CLANG_WARN_DIRECT_OBJC_ISA_USAGE = YES_ERROR;
				CLANG_WARN_DOCUMENTATION_COMMENTS = YES;
				CLANG_WARN_EMPTY_BODY = YES;
				CLANG_WARN_ENUM_CONVERSION = YES;
				CLANG_WARN_INFINITE_RECURSION = YES;
				CLANG_WARN_INT_CONVERSION = YES;
				CLANG_WARN_NON_LITERAL_NULL_CONVERSION = YES;
				CLANG_WARN_OBJC_IMPLICIT_RETAIN_SELF = YES;
				CLANG_WARN_OBJC_LITERAL_CONVERSION = YES;
				CLANG_WARN_OBJC_ROOT_CLASS = YES_ERROR;
				CLANG_WARN_RANGE_LOOP_ANALYSIS = YES;
				CLANG_WARN_STRICT_PROTOTYPES = YES;
				CLANG_WARN_SUSPICIOUS_MOVE = YES;
				CLANG_WARN_UNGUARDED_AVAILABILITY = YES_AGGRESSIVE;
				CLANG_WARN_UNREACHABLE_CODE = YES;
				CLANG_WARN__DUPLICATE_METHOD_MATCH = YES;
				COPY_PHASE_STRIP = NO;
				DEBUG_INFORMATION_FORMAT = dwarf;
				ENABLE_STRICT_OBJC_MSGSEND = YES;
				ENABLE_TESTABILITY = YES;
				GCC_C_LANGUAGE_STANDARD = gnu11;
				GCC_DYNAMIC_NO_PIC = NO;
				GCC_NO_COMMON_BLOCKS = YES;
				GCC_OPTIMIZATION_LEVEL = 0;
				GCC_PREPROCESSOR_DEFINITIONS = (
					"DEBUG=1",
					"$(inherited)",
				);
				GCC_WARN_64_TO_32_BIT_CONVERSION = YES;
				GCC_WARN_ABOUT_RETURN_TYPE = YES_ERROR;
				GCC_WARN_UNDECLARED_SELECTOR = YES;
				GCC_WARN_UNINITIALIZED_AUTOS = YES_AGGRESSIVE;
				GCC_WARN_UNUSED_FUNCTION = YES;
				GCC_WARN_UNUSED_VARIABLE = YES;
				IPHONEOS_DEPLOYMENT_TARGET = 13.1;
				MTL_ENABLE_DEBUG_INFO = INCLUDE_SOURCE;
				MTL_FAST_MATH = YES;
				ONLY_ACTIVE_ARCH = YES;
				SDKROOT = iphoneos;
				SWIFT_ACTIVE_COMPILATION_CONDITIONS = DEBUG;
				SWIFT_OPTIMIZATION_LEVEL = "-Onone";
			};
			name = Debug;
		};
		706D0C1424C15FDF002DA88E /* Release */ = {
			isa = XCBuildConfiguration;
			buildSettings = {
				ALWAYS_SEARCH_USER_PATHS = NO;
				CLANG_ANALYZER_NONNULL = YES;
				CLANG_ANALYZER_NUMBER_OBJECT_CONVERSION = YES_AGGRESSIVE;
				CLANG_CXX_LANGUAGE_STANDARD = "gnu++14";
				CLANG_CXX_LIBRARY = "libc++";
				CLANG_ENABLE_MODULES = YES;
				CLANG_ENABLE_OBJC_ARC = YES;
				CLANG_ENABLE_OBJC_WEAK = YES;
				CLANG_WARN_BLOCK_CAPTURE_AUTORELEASING = YES;
				CLANG_WARN_BOOL_CONVERSION = YES;
				CLANG_WARN_COMMA = YES;
				CLANG_WARN_CONSTANT_CONVERSION = YES;
				CLANG_WARN_DEPRECATED_OBJC_IMPLEMENTATIONS = YES;
				CLANG_WARN_DIRECT_OBJC_ISA_USAGE = YES_ERROR;
				CLANG_WARN_DOCUMENTATION_COMMENTS = YES;
				CLANG_WARN_EMPTY_BODY = YES;
				CLANG_WARN_ENUM_CONVERSION = YES;
				CLANG_WARN_INFINITE_RECURSION = YES;
				CLANG_WARN_INT_CONVERSION = YES;
				CLANG_WARN_NON_LITERAL_NULL_CONVERSION = YES;
				CLANG_WARN_OBJC_IMPLICIT_RETAIN_SELF = YES;
				CLANG_WARN_OBJC_LITERAL_CONVERSION = YES;
				CLANG_WARN_OBJC_ROOT_CLASS = YES_ERROR;
				CLANG_WARN_RANGE_LOOP_ANALYSIS = YES;
				CLANG_WARN_STRICT_PROTOTYPES = YES;
				CLANG_WARN_SUSPICIOUS_MOVE = YES;
				CLANG_WARN_UNGUARDED_AVAILABILITY = YES_AGGRESSIVE;
				CLANG_WARN_UNREACHABLE_CODE = YES;
				CLANG_WARN__DUPLICATE_METHOD_MATCH = YES;
				COPY_PHASE_STRIP = NO;
				DEBUG_INFORMATION_FORMAT = "dwarf-with-dsym";
				ENABLE_NS_ASSERTIONS = NO;
				ENABLE_STRICT_OBJC_MSGSEND = YES;
				GCC_C_LANGUAGE_STANDARD = gnu11;
				GCC_NO_COMMON_BLOCKS = YES;
				GCC_WARN_64_TO_32_BIT_CONVERSION = YES;
				GCC_WARN_ABOUT_RETURN_TYPE = YES_ERROR;
				GCC_WARN_UNDECLARED_SELECTOR = YES;
				GCC_WARN_UNINITIALIZED_AUTOS = YES_AGGRESSIVE;
				GCC_WARN_UNUSED_FUNCTION = YES;
				GCC_WARN_UNUSED_VARIABLE = YES;
				IPHONEOS_DEPLOYMENT_TARGET = 13.1;
				MTL_ENABLE_DEBUG_INFO = NO;
				MTL_FAST_MATH = YES;
				SDKROOT = iphoneos;
				SWIFT_COMPILATION_MODE = wholemodule;
				SWIFT_OPTIMIZATION_LEVEL = "-O";
				VALIDATE_PRODUCT = YES;
			};
			name = Release;
		};
		706D0C1624C15FDF002DA88E /* Debug */ = {
			isa = XCBuildConfiguration;
			buildSettings = {
				ASSETCATALOG_COMPILER_APPICON_NAME = AppIcon;
				CODE_SIGN_STYLE = Automatic;
				INFOPLIST_FILE = Tippy/Info.plist;
				LD_RUNPATH_SEARCH_PATHS = (
					"$(inherited)",
					"@executable_path/Frameworks",
				);
				PRODUCT_BUNDLE_IDENTIFIER = yufeigao.Tippy;
				PRODUCT_NAME = Tippy;
				SWIFT_VERSION = 5.0;
				TARGETED_DEVICE_FAMILY = "1,2";
			};
			name = Debug;
		};
		706D0C1724C15FDF002DA88E /* Release */ = {
			isa = XCBuildConfiguration;
			buildSettings = {
				ASSETCATALOG_COMPILER_APPICON_NAME = AppIcon;
				CODE_SIGN_STYLE = Automatic;
				INFOPLIST_FILE = Tippy/Info.plist;
				LD_RUNPATH_SEARCH_PATHS = (
					"$(inherited)",
					"@executable_path/Frameworks",
				);
				PRODUCT_BUNDLE_IDENTIFIER = yufeigao.Tippy;
				PRODUCT_NAME = Tippy;
				SWIFT_VERSION = 5.0;
				TARGETED_DEVICE_FAMILY = "1,2";
			};
			name = Release;
		};
		706D0C1924C15FDF002DA88E /* Debug */ = {
			isa = XCBuildConfiguration;
			buildSettings = {
				ALWAYS_EMBED_SWIFT_STANDARD_LIBRARIES = YES;
				BUNDLE_LOADER = "$(TEST_HOST)";
				CODE_SIGN_STYLE = Automatic;
				INFOPLIST_FILE = TippyTests/Info.plist;
				IPHONEOS_DEPLOYMENT_TARGET = 13.1;
				LD_RUNPATH_SEARCH_PATHS = (
					"$(inherited)",
					"@executable_path/Frameworks",
					"@loader_path/Frameworks",
				);
				PRODUCT_BUNDLE_IDENTIFIER = yufeigao.TestTests;
				PRODUCT_NAME = "$(TARGET_NAME)";
				SWIFT_VERSION = 5.0;
				TARGETED_DEVICE_FAMILY = "1,2";
				TEST_HOST = "$(BUILT_PRODUCTS_DIR)/Tippy.app/Tippy";
			};
			name = Debug;
		};
		706D0C1A24C15FDF002DA88E /* Release */ = {
			isa = XCBuildConfiguration;
			buildSettings = {
				ALWAYS_EMBED_SWIFT_STANDARD_LIBRARIES = YES;
				BUNDLE_LOADER = "$(TEST_HOST)";
				CODE_SIGN_STYLE = Automatic;
				INFOPLIST_FILE = TippyTests/Info.plist;
				IPHONEOS_DEPLOYMENT_TARGET = 13.1;
				LD_RUNPATH_SEARCH_PATHS = (
					"$(inherited)",
					"@executable_path/Frameworks",
					"@loader_path/Frameworks",
				);
				PRODUCT_BUNDLE_IDENTIFIER = yufeigao.TestTests;
				PRODUCT_NAME = "$(TARGET_NAME)";
				SWIFT_VERSION = 5.0;
				TARGETED_DEVICE_FAMILY = "1,2";
				TEST_HOST = "$(BUILT_PRODUCTS_DIR)/Tippy.app/Tippy";
			};
			name = Release;
		};
		706D0C1C24C15FDF002DA88E /* Debug */ = {
			isa = XCBuildConfiguration;
			buildSettings = {
				ALWAYS_EMBED_SWIFT_STANDARD_LIBRARIES = YES;
				CODE_SIGN_STYLE = Automatic;
				INFOPLIST_FILE = TippyUITests/Info.plist;
				LD_RUNPATH_SEARCH_PATHS = (
					"$(inherited)",
					"@executable_path/Frameworks",
					"@loader_path/Frameworks",
				);
				PRODUCT_BUNDLE_IDENTIFIER = yufeigao.TestUITests;
				PRODUCT_NAME = "$(TARGET_NAME)";
				SWIFT_VERSION = 5.0;
				TARGETED_DEVICE_FAMILY = "1,2";
				TEST_TARGET_NAME = Test;
			};
			name = Debug;
		};
		706D0C1D24C15FDF002DA88E /* Release */ = {
			isa = XCBuildConfiguration;
			buildSettings = {
				ALWAYS_EMBED_SWIFT_STANDARD_LIBRARIES = YES;
				CODE_SIGN_STYLE = Automatic;
				INFOPLIST_FILE = TippyUITests/Info.plist;
				LD_RUNPATH_SEARCH_PATHS = (
					"$(inherited)",
					"@executable_path/Frameworks",
					"@loader_path/Frameworks",
				);
				PRODUCT_BUNDLE_IDENTIFIER = yufeigao.TestUITests;
				PRODUCT_NAME = "$(TARGET_NAME)";
				SWIFT_VERSION = 5.0;
				TARGETED_DEVICE_FAMILY = "1,2";
				TEST_TARGET_NAME = Test;
			};
			name = Release;
		};
/* End XCBuildConfiguration section */

/* Begin XCConfigurationList section */
		706D0BE624C15FDE002DA88E /* Build configuration list for PBXProject "Tippy" */ = {
			isa = XCConfigurationList;
			buildConfigurations = (
				706D0C1324C15FDF002DA88E /* Debug */,
				706D0C1424C15FDF002DA88E /* Release */,
			);
			defaultConfigurationIsVisible = 0;
			defaultConfigurationName = Release;
		};
		706D0C1524C15FDF002DA88E /* Build configuration list for PBXNativeTarget "Tippy" */ = {
			isa = XCConfigurationList;
			buildConfigurations = (
				706D0C1624C15FDF002DA88E /* Debug */,
				706D0C1724C15FDF002DA88E /* Release */,
			);
			defaultConfigurationIsVisible = 0;
			defaultConfigurationName = Release;
		};
		706D0C1824C15FDF002DA88E /* Build configuration list for PBXNativeTarget "TippyTippys" */ = {
			isa = XCConfigurationList;
			buildConfigurations = (
				706D0C1924C15FDF002DA88E /* Debug */,
				706D0C1A24C15FDF002DA88E /* Release */,
			);
			defaultConfigurationIsVisible = 0;
			defaultConfigurationName = Release;
		};
		706D0C1B24C15FDF002DA88E /* Build configuration list for PBXNativeTarget "TippyUITippys" */ = {
			isa = XCConfigurationList;
			buildConfigurations = (
				706D0C1C24C15FDF002DA88E /* Debug */,
				706D0C1D24C15FDF002DA88E /* Release */,
			);
			defaultConfigurationIsVisible = 0;
			defaultConfigurationName = Release;
		};
/* End XCConfigurationList section */
	};
	rootObject = 706D0BE324C15FDE002DA88E /* Project object */;
}
